Microsoft Visual Studio Solution File, Format Version 12.00
# Visual Studio Version 17
VisualStudioVersion = 17.5.2.0
MinimumVisualStudioVersion = 10.0.40219.1
Project("{FAE04EC0-301F-11D3-BF4B-00C04F79EFBC}") = "NorthwindMcpServer", "NorthwindMcpServer.csproj", "{50FBBBDF-A907-7803-5ECB-9C73ED49C498}"
EndProject
Global
	GlobalSection(SolutionConfigurationPlatforms) = preSolution
		Debug|Any CPU = Debug|Any CPU
		Release|Any CPU = Release|Any CPU
	EndGlobalSection
	GlobalSection(ProjectConfigurationPlatforms) = postSolution
		{50FBBBDF-A907-7803-5ECB-9C73ED49C498}.Debug|Any CPU.ActiveCfg = Debug|Any CPU
		{50FBBBDF-A907-7803-5ECB-9C73ED49C498}.Debug|Any CPU.Build.0 = Debug|Any CPU
		{50FBBBDF-A907-7803-5ECB-9C73ED49C498}.Release|Any CPU.ActiveCfg = Release|Any CPU
		{50FBBBDF-A907-7803-5ECB-9C73ED49C498}.Release|Any CPU.Build.0 = Release|Any CPU
	EndGlobalSection
	GlobalSection(SolutionProperties) = preSolution
		HideSolutionNode = FALSE
	EndGlobalSection
	GlobalSection(ExtensibilityGlobals) = postSolution
		SolutionGuid = {37305794-1B61-4E83-A552-4D523C7A6077}
	EndGlobalSection
EndGlobal
